
Microsoft Visual Studio Solution File, Format Version 12.00
# Visual Studio 15
VisualStudioVersion = 15.0.27703.2000
MinimumVisualStudioVersion = 10.0.40219.1
Project("{FAE04EC0-301F-11D3-BF4B-00C04F79EFBC}") = "KSH.Babbages", "KSH.Babbages.Data\KSH.Babbages.csproj", "{06435C53-E322-4F6A-8DB3-375EBE6A78DB}"
EndProject
Global
	GlobalSection(SolutionConfigurationPlatforms) = preSolution
		Debug|Any CPU = Debug|Any CPU
		Release|Any CPU = Release|Any CPU
	EndGlobalSection
	GlobalSection(ProjectConfigurationPlatforms) = postSolution
		{06435C53-E322-4F6A-8DB3-375EBE6A78DB}.Debug|Any CPU.ActiveCfg = Debug|Any CPU
		{06435C53-E322-4F6A-8DB3-375EBE6A78DB}.Debug|Any CPU.Build.0 = Debug|Any CPU
		{06435C53-E322-4F6A-8DB3-375EBE6A78DB}.Release|Any CPU.ActiveCfg = Release|Any CPU
		{06435C53-E322-4F6A-8DB3-375EBE6A78DB}.Release|Any CPU.Build.0 = Release|Any CPU
	EndGlobalSection
	GlobalSection(SolutionProperties) = preSolution
		HideSolutionNode = FALSE
	EndGlobalSection
	GlobalSection(ExtensibilityGlobals) = postSolution
		SolutionGuid = {8FDE8CB6-40CD-456B-A283-1BBA632843B4}
	EndGlobalSection
EndGlobal
